
Microsoft Visual Studio Solution File, Format Version 12.00
# Visual Studio Version 17
VisualStudioVersion = 17.5.002.0
MinimumVisualStudioVersion = 10.0.40219.1
Project("{9A19103F-16F7-4668-BE54-9A1E7A4F7556}") = "SelfHelpGroupAPI", "SelfHelpGroupAPI.csproj", "{7A9A39C1-A25C-4430-8B90-AD2271CE2405}"
EndProject
Global
	GlobalSection(SolutionConfigurationPlatforms) = preSolution
		Debug|Any CPU = Debug|Any CPU
		Release|Any CPU = Release|Any CPU
	EndGlobalSection
	GlobalSection(ProjectConfigurationPlatforms) = postSolution
		{7A9A39C1-A25C-4430-8B90-AD2271CE2405}.Debug|Any CPU.ActiveCfg = Debug|Any CPU
		{7A9A39C1-A25C-4430-8B90-AD2271CE2405}.Debug|Any CPU.Build.0 = Debug|Any CPU
		{7A9A39C1-A25C-4430-8B90-AD2271CE2405}.Release|Any CPU.ActiveCfg = Release|Any CPU
		{7A9A39C1-A25C-4430-8B90-AD2271CE2405}.Release|Any CPU.Build.0 = Release|Any CPU
	EndGlobalSection
	GlobalSection(SolutionProperties) = preSolution
		HideSolutionNode = FALSE
	EndGlobalSection
	GlobalSection(ExtensibilityGlobals) = postSolution
		SolutionGuid = {ECFD058F-D124-4422-916E-B6F630A329A3}
	EndGlobalSection
EndGlobal
